
Microsoft Visual Studio Solution File, Format Version 12.00
# Visual Studio Version 17
VisualStudioVersion = 17.14.36310.24 d17.14
MinimumVisualStudioVersion = 10.0.40219.1
Project("{888888A0-9F3D-457C-B088-3A5042F75D52}") = "PythonStoogeSort", "PythonStoogeSort\PythonStoogeSort.pyproj", "{94842577-48F0-4E68-A2F0-46CC80396656}"
EndProject
Global
	GlobalSection(SolutionConfigurationPlatforms) = preSolution
		Debug|Any CPU = Debug|Any CPU
		Release|Any CPU = Release|Any CPU
	EndGlobalSection
	GlobalSection(ProjectConfigurationPlatforms) = postSolution
		{94842577-48F0-4E68-A2F0-46CC80396656}.Debug|Any CPU.ActiveCfg = Debug|Any CPU
		{94842577-48F0-4E68-A2F0-46CC80396656}.Release|Any CPU.ActiveCfg = Release|Any CPU
	EndGlobalSection
	GlobalSection(SolutionProperties) = preSolution
		HideSolutionNode = FALSE
	EndGlobalSection
	GlobalSection(ExtensibilityGlobals) = postSolution
		SolutionGuid = {AD3C6A9D-78DA-4E41-9ECD-F8C776EDD563}
	EndGlobalSection
EndGlobal
